
Microsoft Visual Studio Solution File, Format Version 12.00
# Visual Studio Version 17
VisualStudioVersion = 17.5.002.0
MinimumVisualStudioVersion = 10.0.40219.1
Project("{9A19103F-16F7-4668-BE54-9A1E7A4F7556}") = "SimpleMathParsingCalculator", "SimpleMathParsingCalculator.csproj", "{B62B575B-50CB-4D3A-A9C8-0095F247CE4E}"
EndProject
Global
	GlobalSection(SolutionConfigurationPlatforms) = preSolution
		Debug|Any CPU = Debug|Any CPU
		Release|Any CPU = Release|Any CPU
	EndGlobalSection
	GlobalSection(ProjectConfigurationPlatforms) = postSolution
		{B62B575B-50CB-4D3A-A9C8-0095F247CE4E}.Debug|Any CPU.ActiveCfg = Debug|Any CPU
		{B62B575B-50CB-4D3A-A9C8-0095F247CE4E}.Debug|Any CPU.Build.0 = Debug|Any CPU
		{B62B575B-50CB-4D3A-A9C8-0095F247CE4E}.Release|Any CPU.ActiveCfg = Release|Any CPU
		{B62B575B-50CB-4D3A-A9C8-0095F247CE4E}.Release|Any CPU.Build.0 = Release|Any CPU
	EndGlobalSection
	GlobalSection(SolutionProperties) = preSolution
		HideSolutionNode = FALSE
	EndGlobalSection
	GlobalSection(ExtensibilityGlobals) = postSolution
		SolutionGuid = {CB154F75-8601-44E9-A657-9097D91C48FD}
	EndGlobalSection
EndGlobal
